
Microsoft Visual Studio Solution File, Format Version 12.00
# Visual Studio Version 16
VisualStudioVersion = 16.0.30204.135
MinimumVisualStudioVersion = 10.0.40219.1
Project("{9A19103F-16F7-4668-BE54-9A1E7A4F7556}") = "Company.ASP", "CompanyWebApi\Company.ASP.csproj", "{AEA67F93-3701-48AD-A0C0-CC2B4C5D5DBE}"
EndProject
Global
	GlobalSection(SolutionConfigurationPlatforms) = preSolution
		Debug|Any CPU = Debug|Any CPU
		Release|Any CPU = Release|Any CPU
	EndGlobalSection
	GlobalSection(ProjectConfigurationPlatforms) = postSolution
		{AEA67F93-3701-48AD-A0C0-CC2B4C5D5DBE}.Debug|Any CPU.ActiveCfg = Debug|Any CPU
		{AEA67F93-3701-48AD-A0C0-CC2B4C5D5DBE}.Debug|Any CPU.Build.0 = Debug|Any CPU
		{AEA67F93-3701-48AD-A0C0-CC2B4C5D5DBE}.Release|Any CPU.ActiveCfg = Release|Any CPU
		{AEA67F93-3701-48AD-A0C0-CC2B4C5D5DBE}.Release|Any CPU.Build.0 = Release|Any CPU
	EndGlobalSection
	GlobalSection(SolutionProperties) = preSolution
		HideSolutionNode = FALSE
	EndGlobalSection
	GlobalSection(ExtensibilityGlobals) = postSolution
		SolutionGuid = {7A5912F5-7242-44AC-9814-D41A3262E5A0}
	EndGlobalSection
EndGlobal
